
Microsoft Visual Studio Solution File, Format Version 12.00
# Visual Studio Version 17
VisualStudioVersion = 17.14.36811.4 d17.14
MinimumVisualStudioVersion = 10.0.40219.1
Project("{FAE04EC0-301F-11D3-BF4B-00C04F79EFBC}") = "UNBATTLETECH", "UNBATTLETECH.csproj", "{0F4E569E-E2AA-B612-7FF6-3554ABE09B62}"
EndProject
Global
	GlobalSection(SolutionConfigurationPlatforms) = preSolution
		Debug|Any CPU = Debug|Any CPU
		Release|Any CPU = Release|Any CPU
	EndGlobalSection
	GlobalSection(ProjectConfigurationPlatforms) = postSolution
		{0F4E569E-E2AA-B612-7FF6-3554ABE09B62}.Debug|Any CPU.ActiveCfg = Debug|Any CPU
		{0F4E569E-E2AA-B612-7FF6-3554ABE09B62}.Debug|Any CPU.Build.0 = Debug|Any CPU
		{0F4E569E-E2AA-B612-7FF6-3554ABE09B62}.Release|Any CPU.ActiveCfg = Release|Any CPU
		{0F4E569E-E2AA-B612-7FF6-3554ABE09B62}.Release|Any CPU.Build.0 = Release|Any CPU
	EndGlobalSection
	GlobalSection(SolutionProperties) = preSolution
		HideSolutionNode = FALSE
	EndGlobalSection
	GlobalSection(ExtensibilityGlobals) = postSolution
		SolutionGuid = {DB879830-6A40-4174-81C3-5F9F4F49F9B4}
	EndGlobalSection
EndGlobal
